
Microsoft Visual Studio Solution File, Format Version 12.00
# Visual Studio Version 16
VisualStudioVersion = 16.0.30804.86
MinimumVisualStudioVersion = 10.0.40219.1
Project("{FAE04EC0-301F-11D3-BF4B-00C04F79EFBC}") = "notsobot shell", "notsobot shell\notsobot shell.csproj", "{1B88682D-9A2B-441C-A569-A7F143542120}"
EndProject
Global
	GlobalSection(SolutionConfigurationPlatforms) = preSolution
		Debug|Any CPU = Debug|Any CPU
		Release|Any CPU = Release|Any CPU
	EndGlobalSection
	GlobalSection(ProjectConfigurationPlatforms) = postSolution
		{1B88682D-9A2B-441C-A569-A7F143542120}.Debug|Any CPU.ActiveCfg = Debug|Any CPU
		{1B88682D-9A2B-441C-A569-A7F143542120}.Debug|Any CPU.Build.0 = Debug|Any CPU
		{1B88682D-9A2B-441C-A569-A7F143542120}.Release|Any CPU.ActiveCfg = Release|Any CPU
		{1B88682D-9A2B-441C-A569-A7F143542120}.Release|Any CPU.Build.0 = Release|Any CPU
	EndGlobalSection
	GlobalSection(SolutionProperties) = preSolution
		HideSolutionNode = FALSE
	EndGlobalSection
	GlobalSection(ExtensibilityGlobals) = postSolution
		SolutionGuid = {FC293534-9200-4579-B40D-E2E741A6789E}
	EndGlobalSection
EndGlobal
